
Microsoft Visual Studio Solution File, Format Version 12.00
# Visual Studio Version 16
VisualStudioVersion = 16.0.30406.217
MinimumVisualStudioVersion = 10.0.40219.1
Project("{FAE04EC0-301F-11D3-BF4B-00C04F79EFBC}") = "SVFHardwareSystem.Ui", "SVFHardwareSystem.Ui\SVFHardwareSystem.Ui.csproj", "{C96E89B5-0C6A-49F8-ABC7-7D8E5C7E27D0}"
EndProject
Project("{FAE04EC0-301F-11D3-BF4B-00C04F79EFBC}") = "SVFHardwareSystem.Services", "SVFHardwareSystem.BLL\SVFHardwareSystem.Services.csproj", "{B9976CF2-6FBA-4E02-A9C4-2B11B0D7B9DC}"
EndProject
Project("{FAE04EC0-301F-11D3-BF4B-00C04F79EFBC}") = "SVFHardwareSystem.Queries", "SVFHardwareSystem.DAL\SVFHardwareSystem.Queries.csproj", "{44DDEC24-5AAE-44FB-9F05-4BF60138BAA5}"
EndProject
Project("{54435603-DBB4-11D2-8724-00A0C9A8B90C}") = "SVFHardware.Setup", "SVFHardware.Setup\SVFHardware.Setup.vdproj", "{7166890E-CA59-4336-88C1-07BA264020DF}"
EndProject
Global
	GlobalSection(SolutionConfigurationPlatforms) = preSolution
		Debug|Any CPU = Debug|Any CPU
		Release|Any CPU = Release|Any CPU
	EndGlobalSection
	GlobalSection(ProjectConfigurationPlatforms) = postSolution
		{C96E89B5-0C6A-49F8-ABC7-7D8E5C7E27D0}.Debug|Any CPU.ActiveCfg = Debug|Any CPU
		{C96E89B5-0C6A-49F8-ABC7-7D8E5C7E27D0}.Debug|Any CPU.Build.0 = Debug|Any CPU
		{C96E89B5-0C6A-49F8-ABC7-7D8E5C7E27D0}.Release|Any CPU.ActiveCfg = Release|Any CPU
		{C96E89B5-0C6A-49F8-ABC7-7D8E5C7E27D0}.Release|Any CPU.Build.0 = Release|Any CPU
		{B9976CF2-6FBA-4E02-A9C4-2B11B0D7B9DC}.Debug|Any CPU.ActiveCfg = Debug|Any CPU
		{B9976CF2-6FBA-4E02-A9C4-2B11B0D7B9DC}.Debug|Any CPU.Build.0 = Debug|Any CPU
		{B9976CF2-6FBA-4E02-A9C4-2B11B0D7B9DC}.Release|Any CPU.ActiveCfg = Release|Any CPU
		{B9976CF2-6FBA-4E02-A9C4-2B11B0D7B9DC}.Release|Any CPU.Build.0 = Release|Any CPU
		{44DDEC24-5AAE-44FB-9F05-4BF60138BAA5}.Debug|Any CPU.ActiveCfg = Debug|Any CPU
		{44DDEC24-5AAE-44FB-9F05-4BF60138BAA5}.Debug|Any CPU.Build.0 = Debug|Any CPU
		{44DDEC24-5AAE-44FB-9F05-4BF60138BAA5}.Release|Any CPU.ActiveCfg = Release|Any CPU
		{44DDEC24-5AAE-44FB-9F05-4BF60138BAA5}.Release|Any CPU.Build.0 = Release|Any CPU
		{7166890E-CA59-4336-88C1-07BA264020DF}.Debug|Any CPU.ActiveCfg = Debug
		{7166890E-CA59-4336-88C1-07BA264020DF}.Release|Any CPU.ActiveCfg = Release
	EndGlobalSection
	GlobalSection(SolutionProperties) = preSolution
		HideSolutionNode = FALSE
	EndGlobalSection
	GlobalSection(ExtensibilityGlobals) = postSolution
		SolutionGuid = {1685CB9D-9EA7-429E-85D7-05D5A1988F0E}
	EndGlobalSection
EndGlobal
